// !$*UTF8*$!
{
   archiveVersion = "1";
   objectVersion = "46";
   objects = {
      OBJ_1 = {
         isa = "PBXProject";
         attributes = {
            LastUpgradeCheck = "9999";
         };
         buildConfigurationList = OBJ_2;
         compatibilityVersion = "Xcode 3.2";
         developmentRegion = "English";
         hasScannedForEncodings = "0";
         knownRegions = (
            "en",
         );
         mainGroup = OBJ_5;
         productRefGroup = OBJ_158;
         projectDirPath = ".";
         targets = (
            OBJ_170,
            OBJ_184,
            OBJ_193,
            OBJ_200,
            OBJ_268,
            OBJ_279,
            OBJ_328,
            OBJ_330,
            OBJ_367,
            OBJ_384,
            OBJ_401,
         );
      };
      OBJ_10 = {
         isa = "PBXGroup";
         children = (
         );
         name = "Tests";
         path = "";
         sourceTree = "SOURCE_ROOT";
      };
      OBJ_100 = {
         isa = "PBXFileReference";
         path = "NoPadding.swift";
         sourceTree = "<group>";
      };
      OBJ_101 = {
         isa = "PBXFileReference";
         path = "Operators.swift";
         sourceTree = "<group>";
      };
      OBJ_102 = {
         isa = "PBXFileReference";
         path = "Padding.swift";
         sourceTree = "<group>";
      };
      OBJ_103 = {
         isa = "PBXFileReference";
         path = "PKCS7.swift";
         sourceTree = "<group>";
      };
      OBJ_104 = {
         isa = "PBXFileReference";
         path = "Poly1305.swift";
         sourceTree = "<group>";
      };
      OBJ_105 = {
         isa = "PBXFileReference";
         path = "Rabbit.swift";
         sourceTree = "<group>";
      };
      OBJ_106 = {
         isa = "PBXFileReference";
         path = "RandomAccessCryptor.swift";
         sourceTree = "<group>";
      };
      OBJ_107 = {
         isa = "PBXFileReference";
         path = "RandomBytesSequence.swift";
         sourceTree = "<group>";
      };
      OBJ_108 = {
         isa = "PBXFileReference";
         path = "SecureBytes.swift";
         sourceTree = "<group>";
      };
      OBJ_109 = {
         isa = "PBXFileReference";
         path = "SHA1.swift";
         sourceTree = "<group>";
      };
      OBJ_11 = {
         isa = "PBXGroup";
         children = (
            OBJ_12,
            OBJ_24,
            OBJ_34,
            OBJ_72,
            OBJ_78,
            OBJ_145,
            OBJ_147,
            OBJ_149,
         );
         name = "Dependencies";
         path = "";
         sourceTree = "<group>";
      };
      OBJ_110 = {
         isa = "PBXFileReference";
         path = "SHA2.swift";
         sourceTree = "<group>";
      };
      OBJ_111 = {
         isa = "PBXFileReference";
         path = "SHA3.swift";
         sourceTree = "<group>";
      };
      OBJ_112 = {
         isa = "PBXFileReference";
         path = "String+Extension.swift";
         sourceTree = "<group>";
      };
      OBJ_113 = {
         isa = "PBXFileReference";
         path = "UInt16+Extension.swift";
         sourceTree = "<group>";
      };
      OBJ_114 = {
         isa = "PBXFileReference";
         path = "UInt32+Extension.swift";
         sourceTree = "<group>";
      };
      OBJ_115 = {
         isa = "PBXFileReference";
         path = "UInt64+Extension.swift";
         sourceTree = "<group>";
      };
      OBJ_116 = {
         isa = "PBXFileReference";
         path = "UInt8+Extension.swift";
         sourceTree = "<group>";
      };
      OBJ_117 = {
         isa = "PBXFileReference";
         path = "Updatable.swift";
         sourceTree = "<group>";
      };
      OBJ_118 = {
         isa = "PBXFileReference";
         path = "Utils.swift";
         sourceTree = "<group>";
      };
      OBJ_119 = {
         isa = "PBXFileReference";
         path = "ZeroPadding.swift";
         sourceTree = "<group>";
      };
      OBJ_12 = {
         isa = "PBXGroup";
         children = (
            OBJ_13,
            OBJ_14,
            OBJ_15,
            OBJ_16,
            OBJ_17,
            OBJ_18,
            OBJ_19,
            OBJ_20,
            OBJ_21,
            OBJ_22,
            OBJ_23,
         );
         name = "Rainbow 2.0.1";
         path = ".build/checkouts/Rainbow-4833422609927903952/Sources";
         sourceTree = "SOURCE_ROOT";
      };
      OBJ_120 = {
         isa = "PBXGroup";
         children = (
            OBJ_121,
            OBJ_122,
            OBJ_123,
            OBJ_124,
            OBJ_125,
            OBJ_126,
            OBJ_127,
            OBJ_128,
            OBJ_129,
            OBJ_130,
         );
         name = "BlockMode";
         path = "BlockMode";
         sourceTree = "<group>";
      };
      OBJ_121 = {
         isa = "PBXFileReference";
         path = "BlockMode.swift";
         sourceTree = "<group>";
      };
      OBJ_122 = {
         isa = "PBXFileReference";
         path = "BlockModeOptions.swift";
         sourceTree = "<group>";
      };
      OBJ_123 = {
         isa = "PBXFileReference";
         path = "BlockModeWorker.swift";
         sourceTree = "<group>";
      };
      OBJ_124 = {
         isa = "PBXFileReference";
         path = "CBC.swift";
         sourceTree = "<group>";
      };
      OBJ_125 = {
         isa = "PBXFileReference";
         path = "CFB.swift";
         sourceTree = "<group>";
      };
      OBJ_126 = {
         isa = "PBXFileReference";
         path = "CTR.swift";
         sourceTree = "<group>";
      };
      OBJ_127 = {
         isa = "PBXFileReference";
         path = "ECB.swift";
         sourceTree = "<group>";
      };
      OBJ_128 = {
         isa = "PBXFileReference";
         path = "OFB.swift";
         sourceTree = "<group>";
      };
      OBJ_129 = {
         isa = "PBXFileReference";
         path = "PCBC.swift";
         sourceTree = "<group>";
      };
      OBJ_13 = {
         isa = "PBXFileReference";
         path = "BackgroundColor.swift";
         sourceTree = "<group>";
      };
      OBJ_130 = {
         isa = "PBXFileReference";
         path = "RandomAccessBlockModeWorker.swift";
         sourceTree = "<group>";
      };
      OBJ_131 = {
         isa = "PBXGroup";
         children = (
            OBJ_132,
            OBJ_133,
            OBJ_134,
            OBJ_135,
            OBJ_136,
            OBJ_137,
            OBJ_138,
            OBJ_139,
            OBJ_140,
         );
         name = "Foundation";
         path = "Foundation";
         sourceTree = "<group>";
      };
      OBJ_132 = {
         isa = "PBXFileReference";
         path = "AES+Foundation.swift";
         sourceTree = "<group>";
      };
      OBJ_133 = {
         isa = "PBXFileReference";
         path = "Blowfish+Foundation.swift";
         sourceTree = "<group>";
      };
      OBJ_134 = {
         isa = "PBXFileReference";
         path = "ChaCha20+Foundation.swift";
         sourceTree = "<group>";
      };
      OBJ_135 = {
         isa = "PBXFileReference";
         path = "CSArrayType+Foundation.swift";
         sourceTree = "<group>";
      };
      OBJ_136 = {
         isa = "PBXFileReference";
         path = "Data+Extension.swift";
         sourceTree = "<group>";
      };
      OBJ_137 = {
         isa = "PBXFileReference";
         path = "HMAC+Foundation.swift";
         sourceTree = "<group>";
      };
      OBJ_138 = {
         isa = "PBXFileReference";
         path = "Rabbit+Foundation.swift";
         sourceTree = "<group>";
      };
      OBJ_139 = {
         isa = "PBXFileReference";
         path = "String+FoundationExtension.swift";
         sourceTree = "<group>";
      };
      OBJ_14 = {
         isa = "PBXFileReference";
         path = "CodesParser.swift";
         sourceTree = "<group>";
      };
      OBJ_140 = {
         isa = "PBXFileReference";
         path = "Utils+Foundation.swift";
         sourceTree = "<group>";
      };
      OBJ_141 = {
         isa = "PBXGroup";
         children = (
            OBJ_142,
            OBJ_143,
            OBJ_144,
         );
         name = "PKCS5";
         path = "PKCS5";
         sourceTree = "<group>";
      };
      OBJ_142 = {
         isa = "PBXFileReference";
         path = "PBKDF1.swift";
         sourceTree = "<group>";
      };
      OBJ_143 = {
         isa = "PBXFileReference";
         path = "PBKDF2.swift";
         sourceTree = "<group>";
      };
      OBJ_144 = {
         isa = "PBXFileReference";
         path = "PKCS5.swift";
         sourceTree = "<group>";
      };
      OBJ_145 = {
         isa = "PBXGroup";
         children = (
            OBJ_146,
         );
         name = "Unbox 2.4.0";
         path = ".build/checkouts/Unbox-1452311871038889150/Sources";
         sourceTree = "SOURCE_ROOT";
      };
      OBJ_146 = {
         isa = "PBXFileReference";
         path = "Unbox.swift";
         sourceTree = "<group>";
      };
      OBJ_147 = {
         isa = "PBXGroup";
         children = (
            OBJ_148,
         );
         name = "PathKit 0.8.0";
         path = ".build/checkouts/PathKit.git--1865447967743163058/Sources";
         sourceTree = "SOURCE_ROOT";
      };
      OBJ_148 = {
         isa = "PBXFileReference";
         path = "PathKit.swift";
         sourceTree = "<group>";
      };
      OBJ_149 = {
         isa = "PBXGroup";
         children = (
            OBJ_150,
            OBJ_151,
            OBJ_152,
            OBJ_153,
            OBJ_154,
            OBJ_155,
            OBJ_156,
            OBJ_157,
         );
         name = "Spectre 0.7.2";
         path = ".build/checkouts/Spectre.git--7655155069707042687/Sources";
         sourceTree = "SOURCE_ROOT";
      };
      OBJ_15 = {
         isa = "PBXFileReference";
         path = "Color.swift";
         sourceTree = "<group>";
      };
      OBJ_150 = {
         isa = "PBXFileReference";
         path = "Case.swift";
         sourceTree = "<group>";
      };
      OBJ_151 = {
         isa = "PBXFileReference";
         path = "Context.swift";
         sourceTree = "<group>";
      };
      OBJ_152 = {
         isa = "PBXFileReference";
         path = "Expectation.swift";
         sourceTree = "<group>";
      };
      OBJ_153 = {
         isa = "PBXFileReference";
         path = "Failure.swift";
         sourceTree = "<group>";
      };
      OBJ_154 = {
         isa = "PBXFileReference";
         path = "Global.swift";
         sourceTree = "<group>";
      };
      OBJ_155 = {
         isa = "PBXFileReference";
         path = "GlobalContext.swift";
         sourceTree = "<group>";
      };
      OBJ_156 = {
         isa = "PBXFileReference";
         path = "Reporter.swift";
         sourceTree = "<group>";
      };
      OBJ_157 = {
         isa = "PBXFileReference";
         path = "Reporters.swift";
         sourceTree = "<group>";
      };
      OBJ_158 = {
         isa = "PBXGroup";
         children = (
            OBJ_159,
            OBJ_160,
            OBJ_161,
            OBJ_162,
            OBJ_163,
            OBJ_164,
            OBJ_165,
            OBJ_166,
            OBJ_167,
            OBJ_168,
            OBJ_169,
         );
         name = "Products";
         path = "";
         sourceTree = "BUILT_PRODUCTS_DIR";
      };
      OBJ_159 = {
         isa = "PBXFileReference";
         path = "Spectre.framework";
         sourceTree = "BUILT_PRODUCTS_DIR";
      };
      OBJ_16 = {
         isa = "PBXFileReference";
         path = "ControlCode.swift";
         sourceTree = "<group>";
      };
      OBJ_160 = {
         isa = "PBXFileReference";
         path = "PathKit.framework";
         sourceTree = "BUILT_PRODUCTS_DIR";
      };
      OBJ_161 = {
         isa = "PBXFileReference";
         path = "Unbox.framework";
         sourceTree = "BUILT_PRODUCTS_DIR";
      };
      OBJ_162 = {
         isa = "PBXFileReference";
         path = "CryptoSwift.framework";
         sourceTree = "BUILT_PRODUCTS_DIR";
      };
      OBJ_163 = {
         isa = "PBXFileReference";
         path = "AEXML.framework";
         sourceTree = "BUILT_PRODUCTS_DIR";
      };
      OBJ_164 = {
         isa = "PBXFileReference";
         path = "xcodeproj.framework";
         sourceTree = "BUILT_PRODUCTS_DIR";
      };
      OBJ_165 = {
         isa = "PBXFileReference";
         path = "xcodeprojextensions.framework";
         sourceTree = "BUILT_PRODUCTS_DIR";
      };
      OBJ_166 = {
         isa = "PBXFileReference";
         path = "xcodeprojprotocols.framework";
         sourceTree = "BUILT_PRODUCTS_DIR";
      };
      OBJ_167 = {
         isa = "PBXFileReference";
         path = "Commander.framework";
         sourceTree = "BUILT_PRODUCTS_DIR";
      };
      OBJ_168 = {
         isa = "PBXFileReference";
         path = "Rainbow.framework";
         sourceTree = "BUILT_PRODUCTS_DIR";
      };
      OBJ_169 = {
         isa = "PBXFileReference";
         path = "xcodeprojlint";
         sourceTree = "BUILT_PRODUCTS_DIR";
      };
      OBJ_17 = {
         isa = "PBXFileReference";
         path = "ModesExtractor.swift";
         sourceTree = "<group>";
      };
      OBJ_170 = {
         isa = "PBXNativeTarget";
         buildConfigurationList = OBJ_171;
         buildPhases = (
            OBJ_174,
            OBJ_183,
         );
         dependencies = (
         );
         name = "Spectre";
         productName = "Spectre";
         productReference = OBJ_159;
         productType = "com.apple.product-type.framework";
      };
      OBJ_171 = {
         isa = "XCConfigurationList";
         buildConfigurations = (
            OBJ_172,
            OBJ_173,
         );
         defaultConfigurationIsVisible = "0";
         defaultConfigurationName = "Debug";
      };
      OBJ_172 = {
         isa = "XCBuildConfiguration";
         buildSettings = {
            ENABLE_TESTABILITY = "YES";
            FRAMEWORK_SEARCH_PATHS = (
               "$(inherited)",
               "$(PLATFORM_DIR)/Developer/Library/Frameworks",
            );
            HEADER_SEARCH_PATHS = (
               "$(inherited)",
            );
            INFOPLIST_FILE = "xcodeprojlint.xcodeproj/Spectre_Info.plist";
            LD_RUNPATH_SEARCH_PATHS = (
               "$(TOOLCHAIN_DIR)/usr/lib/swift/macosx",
            );
            OTHER_LDFLAGS = (
               "$(inherited)",
            );
            OTHER_SWIFT_FLAGS = (
               "$(inherited)",
            );
            PRODUCT_BUNDLE_IDENTIFIER = "Spectre";
            PRODUCT_MODULE_NAME = "$(TARGET_NAME:c99extidentifier)";
            PRODUCT_NAME = "$(TARGET_NAME:c99extidentifier)";
            SKIP_INSTALL = "YES";
            TARGET_NAME = "Spectre";
         };
         name = "Debug";
      };
      OBJ_173 = {
         isa = "XCBuildConfiguration";
         buildSettings = {
            ENABLE_TESTABILITY = "YES";
            FRAMEWORK_SEARCH_PATHS = (
               "$(inherited)",
               "$(PLATFORM_DIR)/Developer/Library/Frameworks",
            );
            HEADER_SEARCH_PATHS = (
               "$(inherited)",
            );
            INFOPLIST_FILE = "xcodeprojlint.xcodeproj/Spectre_Info.plist";
            LD_RUNPATH_SEARCH_PATHS = (
               "$(TOOLCHAIN_DIR)/usr/lib/swift/macosx",
            );
            OTHER_LDFLAGS = (
               "$(inherited)",
            );
            OTHER_SWIFT_FLAGS = (
               "$(inherited)",
            );
            PRODUCT_BUNDLE_IDENTIFIER = "Spectre";
            PRODUCT_MODULE_NAME = "$(TARGET_NAME:c99extidentifier)";
            PRODUCT_NAME = "$(TARGET_NAME:c99extidentifier)";
            SKIP_INSTALL = "YES";
            TARGET_NAME = "Spectre";
         };
         name = "Release";
      };
      OBJ_174 = {
         isa = "PBXSourcesBuildPhase";
         files = (
            OBJ_175,
            OBJ_176,
            OBJ_177,
            OBJ_178,
            OBJ_179,
            OBJ_180,
            OBJ_181,
            OBJ_182,
         );
      };
      OBJ_175 = {
         isa = "PBXBuildFile";
         fileRef = OBJ_150;
      };
      OBJ_176 = {
         isa = "PBXBuildFile";
         fileRef = OBJ_151;
      };
      OBJ_177 = {
         isa = "PBXBuildFile";
         fileRef = OBJ_152;
      };
      OBJ_178 = {
         isa = "PBXBuildFile";
         fileRef = OBJ_153;
      };
      OBJ_179 = {
         isa = "PBXBuildFile";
         fileRef = OBJ_154;
      };
      OBJ_18 = {
         isa = "PBXFileReference";
         path = "OutputTarget.swift";
         sourceTree = "<group>";
      };
      OBJ_180 = {
         isa = "PBXBuildFile";
         fileRef = OBJ_155;
      };
      OBJ_181 = {
         isa = "PBXBuildFile";
         fileRef = OBJ_156;
      };
      OBJ_182 = {
         isa = "PBXBuildFile";
         fileRef = OBJ_157;
      };
      OBJ_183 = {
         isa = "PBXFrameworksBuildPhase";
         files = (
         );
      };
      OBJ_184 = {
         isa = "PBXNativeTarget";
         buildConfigurationList = OBJ_185;
         buildPhases = (
            OBJ_188,
            OBJ_190,
         );
         dependencies = (
            OBJ_192,
         );
         name = "PathKit";
         productName = "PathKit";
         productReference = OBJ_160;
         productType = "com.apple.product-type.framework";
      };
      OBJ_185 = {
         isa = "XCConfigurationList";
         buildConfigurations = (
            OBJ_186,
            OBJ_187,
         );
         defaultConfigurationIsVisible = "0";
         defaultConfigurationName = "Debug";
      };
      OBJ_186 = {
         isa = "XCBuildConfiguration";
         buildSettings = {
            ENABLE_TESTABILITY = "YES";
            FRAMEWORK_SEARCH_PATHS = (
               "$(inherited)",
               "$(PLATFORM_DIR)/Developer/Library/Frameworks",
            );
            HEADER_SEARCH_PATHS = (
               "$(inherited)",
            );
            INFOPLIST_FILE = "xcodeprojlint.xcodeproj/PathKit_Info.plist";
            LD_RUNPATH_SEARCH_PATHS = (
               "$(TOOLCHAIN_DIR)/usr/lib/swift/macosx",
            );
            OTHER_LDFLAGS = (
               "$(inherited)",
            );
            OTHER_SWIFT_FLAGS = (
               "$(inherited)",
            );
            PRODUCT_BUNDLE_IDENTIFIER = "PathKit";
            PRODUCT_MODULE_NAME = "$(TARGET_NAME:c99extidentifier)";
            PRODUCT_NAME = "$(TARGET_NAME:c99extidentifier)";
            SKIP_INSTALL = "YES";
            TARGET_NAME = "PathKit";
         };
         name = "Debug";
      };
      OBJ_187 = {
         isa = "XCBuildConfiguration";
         buildSettings = {
            ENABLE_TESTABILITY = "YES";
            FRAMEWORK_SEARCH_PATHS = (
               "$(inherited)",
               "$(PLATFORM_DIR)/Developer/Library/Frameworks",
            );
            HEADER_SEARCH_PATHS = (
               "$(inherited)",
            );
            INFOPLIST_FILE = "xcodeprojlint.xcodeproj/PathKit_Info.plist";
            LD_RUNPATH_SEARCH_PATHS = (
               "$(TOOLCHAIN_DIR)/usr/lib/swift/macosx",
            );
            OTHER_LDFLAGS = (
               "$(inherited)",
            );
            OTHER_SWIFT_FLAGS = (
               "$(inherited)",
            );
            PRODUCT_BUNDLE_IDENTIFIER = "PathKit";
            PRODUCT_MODULE_NAME = "$(TARGET_NAME:c99extidentifier)";
            PRODUCT_NAME = "$(TARGET_NAME:c99extidentifier)";
            SKIP_INSTALL = "YES";
            TARGET_NAME = "PathKit";
         };
         name = "Release";
      };
      OBJ_188 = {
         isa = "PBXSourcesBuildPhase";
         files = (
            OBJ_189,
         );
      };
      OBJ_189 = {
         isa = "PBXBuildFile";
         fileRef = OBJ_148;
      };
      OBJ_19 = {
         isa = "PBXFileReference";
         path = "Rainbow.swift";
         sourceTree = "<group>";
      };
      OBJ_190 = {
         isa = "PBXFrameworksBuildPhase";
         files = (
            OBJ_191,
         );
      };
      OBJ_191 = {
         isa = "PBXBuildFile";
         fileRef = OBJ_159;
      };
      OBJ_192 = {
         isa = "PBXTargetDependency";
         target = OBJ_170;
      };
      OBJ_193 = {
         isa = "PBXNativeTarget";
         buildConfigurationList = OBJ_194;
         buildPhases = (
            OBJ_197,
            OBJ_199,
         );
         dependencies = (
         );
         name = "Unbox";
         productName = "Unbox";
         productReference = OBJ_161;
         productType = "com.apple.product-type.framework";
      };
      OBJ_194 = {
         isa = "XCConfigurationList";
         buildConfigurations = (
            OBJ_195,
            OBJ_196,
         );
         defaultConfigurationIsVisible = "0";
         defaultConfigurationName = "Debug";
      };
      OBJ_195 = {
         isa = "XCBuildConfiguration";
         buildSettings = {
            ENABLE_TESTABILITY = "YES";
            FRAMEWORK_SEARCH_PATHS = (
               "$(inherited)",
               "$(PLATFORM_DIR)/Developer/Library/Frameworks",
            );
            HEADER_SEARCH_PATHS = (
               "$(inherited)",
            );
            INFOPLIST_FILE = "xcodeprojlint.xcodeproj/Unbox_Info.plist";
            LD_RUNPATH_SEARCH_PATHS = (
               "$(TOOLCHAIN_DIR)/usr/lib/swift/macosx",
            );
            OTHER_LDFLAGS = (
               "$(inherited)",
            );
            OTHER_SWIFT_FLAGS = (
               "$(inherited)",
            );
            PRODUCT_BUNDLE_IDENTIFIER = "Unbox";
            PRODUCT_MODULE_NAME = "$(TARGET_NAME:c99extidentifier)";
            PRODUCT_NAME = "$(TARGET_NAME:c99extidentifier)";
            SKIP_INSTALL = "YES";
            TARGET_NAME = "Unbox";
         };
         name = "Debug";
      };
      OBJ_196 = {
         isa = "XCBuildConfiguration";
         buildSettings = {
            ENABLE_TESTABILITY = "YES";
            FRAMEWORK_SEARCH_PATHS = (
               "$(inherited)",
               "$(PLATFORM_DIR)/Developer/Library/Frameworks",
            );
            HEADER_SEARCH_PATHS = (
               "$(inherited)",
            );
            INFOPLIST_FILE = "xcodeprojlint.xcodeproj/Unbox_Info.plist";
            LD_RUNPATH_SEARCH_PATHS = (
               "$(TOOLCHAIN_DIR)/usr/lib/swift/macosx",
            );
            OTHER_LDFLAGS = (
               "$(inherited)",
            );
            OTHER_SWIFT_FLAGS = (
               "$(inherited)",
            );
            PRODUCT_BUNDLE_IDENTIFIER = "Unbox";
            PRODUCT_MODULE_NAME = "$(TARGET_NAME:c99extidentifier)";
            PRODUCT_NAME = "$(TARGET_NAME:c99extidentifier)";
            SKIP_INSTALL = "YES";
            TARGET_NAME = "Unbox";
         };
         name = "Release";
      };
      OBJ_197 = {
         isa = "PBXSourcesBuildPhase";
         files = (
            OBJ_198,
         );
      };
      OBJ_198 = {
         isa = "PBXBuildFile";
         fileRef = OBJ_146;
      };
      OBJ_199 = {
         isa = "PBXFrameworksBuildPhase";
         files = (
         );
      };
      OBJ_2 = {
         isa = "XCConfigurationList";
         buildConfigurations = (
            OBJ_3,
            OBJ_4,
         );
         defaultConfigurationIsVisible = "0";
         defaultConfigurationName = "Debug";
      };
      OBJ_20 = {
         isa = "PBXFileReference";
         path = "String+Rainbow.swift";
         sourceTree = "<group>";
      };
      OBJ_200 = {
         isa = "PBXNativeTarget";
         buildConfigurationList = OBJ_201;
         buildPhases = (
            OBJ_204,
            OBJ_267,
         );
         dependencies = (
         );
         name = "CryptoSwift";
         productName = "CryptoSwift";
         productReference = OBJ_162;
         productType = "com.apple.product-type.framework";
      };
      OBJ_201 = {
         isa = "XCConfigurationList";
         buildConfigurations = (
            OBJ_202,
            OBJ_203,
         );
         defaultConfigurationIsVisible = "0";
         defaultConfigurationName = "Debug";
      };
      OBJ_202 = {
         isa = "XCBuildConfiguration";
         buildSettings = {
            ENABLE_TESTABILITY = "YES";
            FRAMEWORK_SEARCH_PATHS = (
               "$(inherited)",
               "$(PLATFORM_DIR)/Developer/Library/Frameworks",
            );
            HEADER_SEARCH_PATHS = (
               "$(inherited)",
            );
            INFOPLIST_FILE = "xcodeprojlint.xcodeproj/CryptoSwift_Info.plist";
            LD_RUNPATH_SEARCH_PATHS = (
               "$(TOOLCHAIN_DIR)/usr/lib/swift/macosx",
            );
            OTHER_LDFLAGS = (
               "$(inherited)",
            );
            OTHER_SWIFT_FLAGS = (
               "$(inherited)",
            );
            PRODUCT_BUNDLE_IDENTIFIER = "CryptoSwift";
            PRODUCT_MODULE_NAME = "$(TARGET_NAME:c99extidentifier)";
            PRODUCT_NAME = "$(TARGET_NAME:c99extidentifier)";
            SKIP_INSTALL = "YES";
            TARGET_NAME = "CryptoSwift";
         };
         name = "Debug";
      };
      OBJ_203 = {
         isa = "XCBuildConfiguration";
         buildSettings = {
            ENABLE_TESTABILITY = "YES";
            FRAMEWORK_SEARCH_PATHS = (
               "$(inherited)",
               "$(PLATFORM_DIR)/Developer/Library/Frameworks",
            );
            HEADER_SEARCH_PATHS = (
               "$(inherited)",
            );
            INFOPLIST_FILE = "xcodeprojlint.xcodeproj/CryptoSwift_Info.plist";
            LD_RUNPATH_SEARCH_PATHS = (
               "$(TOOLCHAIN_DIR)/usr/lib/swift/macosx",
            );
            OTHER_LDFLAGS = (
               "$(inherited)",
            );
            OTHER_SWIFT_FLAGS = (
               "$(inherited)",
            );
            PRODUCT_BUNDLE_IDENTIFIER = "CryptoSwift";
            PRODUCT_MODULE_NAME = "$(TARGET_NAME:c99extidentifier)";
            PRODUCT_NAME = "$(TARGET_NAME:c99extidentifier)";
            SKIP_INSTALL = "YES";
            TARGET_NAME = "CryptoSwift";
         };
         name = "Release";
      };
      OBJ_204 = {
         isa = "PBXSourcesBuildPhase";
         files = (
            OBJ_205,
            OBJ_206,
            OBJ_207,
            OBJ_208,
            OBJ_209,
            OBJ_210,
            OBJ_211,
            OBJ_212,
            OBJ_213,
            OBJ_214,
            OBJ_215,
            OBJ_216,
            OBJ_217,
            OBJ_218,
            OBJ_219,
            OBJ_220,
            OBJ_221,
            OBJ_222,
            OBJ_223,
            OBJ_224,
            OBJ_225,
            OBJ_226,
            OBJ_227,
            OBJ_228,
            OBJ_229,
            OBJ_230,
            OBJ_231,
            OBJ_232,
            OBJ_233,
            OBJ_234,
            OBJ_235,
            OBJ_236,
            OBJ_237,
            OBJ_238,
            OBJ_239,
            OBJ_240,
            OBJ_241,
            OBJ_242,
            OBJ_243,
            OBJ_244,
            OBJ_245,
            OBJ_246,
            OBJ_247,
            OBJ_248,
            OBJ_249,
            OBJ_250,
            OBJ_251,
            OBJ_252,
            OBJ_253,
            OBJ_254,
            OBJ_255,
            OBJ_256,
            OBJ_257,
            OBJ_258,
            OBJ_259,
            OBJ_260,
            OBJ_261,
            OBJ_262,
            OBJ_263,
            OBJ_264,
            OBJ_265,
            OBJ_266,
         );
      };
      OBJ_205 = {
         isa = "PBXBuildFile";
         fileRef = OBJ_80;
      };
      OBJ_206 = {
         isa = "PBXBuildFile";
         fileRef = OBJ_81;
      };
      OBJ_207 = {
         isa = "PBXBuildFile";
         fileRef = OBJ_82;
      };
      OBJ_208 = {
         isa = "PBXBuildFile";
         fileRef = OBJ_83;
      };
      OBJ_209 = {
         isa = "PBXBuildFile";
         fileRef = OBJ_84;
      };
      OBJ_21 = {
         isa = "PBXFileReference";
         path = "StringGenerator.swift";
         sourceTree = "<group>";
      };
      OBJ_210 = {
         isa = "PBXBuildFile";
         fileRef = OBJ_85;
      };
      OBJ_211 = {
         isa = "PBXBuildFile";
         fileRef = OBJ_86;
      };
      OBJ_212 = {
         isa = "PBXBuildFile";
         fileRef = OBJ_87;
      };
      OBJ_213 = {
         isa = "PBXBuildFile";
         fileRef = OBJ_88;
      };
      OBJ_214 = {
         isa = "PBXBuildFile";
         fileRef = OBJ_89;
      };
      OBJ_215 = {
         isa = "PBXBuildFile";
         fileRef = OBJ_90;
      };
      OBJ_216 = {
         isa = "PBXBuildFile";
         fileRef = OBJ_91;
      };
      OBJ_217 = {
         isa = "PBXBuildFile";
         fileRef = OBJ_92;
      };
      OBJ_218 = {
         isa = "PBXBuildFile";
         fileRef = OBJ_93;
      };
      OBJ_219 = {
         isa = "PBXBuildFile";
         fileRef = OBJ_94;
      };
      OBJ_22 = {
         isa = "PBXFileReference";
         path = "Style.swift";
         sourceTree = "<group>";
      };
      OBJ_220 = {
         isa = "PBXBuildFile";
         fileRef = OBJ_95;
      };
      OBJ_221 = {
         isa = "PBXBuildFile";
         fileRef = OBJ_96;
      };
      OBJ_222 = {
         isa = "PBXBuildFile";
         fileRef = OBJ_97;
      };
      OBJ_223 = {
         isa = "PBXBuildFile";
         fileRef = OBJ_98;
      };
      OBJ_224 = {
         isa = "PBXBuildFile";
         fileRef = OBJ_99;
      };
      OBJ_225 = {
         isa = "PBXBuildFile";
         fileRef = OBJ_100;
      };
      OBJ_226 = {
         isa = "PBXBuildFile";
         fileRef = OBJ_101;
      };
      OBJ_227 = {
         isa = "PBXBuildFile";
         fileRef = OBJ_102;
      };
      OBJ_228 = {
         isa = "PBXBuildFile";
         fileRef = OBJ_103;
      };
      OBJ_229 = {
         isa = "PBXBuildFile";
         fileRef = OBJ_104;
      };
      OBJ_23 = {
         isa = "PBXFileReference";
         path = "XcodeColorsSupport.swift";
         sourceTree = "<group>";
      };
      OBJ_230 = {
         isa = "PBXBuildFile";
         fileRef = OBJ_105;
      };
      OBJ_231 = {
         isa = "PBXBuildFile";
         fileRef = OBJ_106;
      };
      OBJ_232 = {
         isa = "PBXBuildFile";
         fileRef = OBJ_107;
      };
      OBJ_233 = {
         isa = "PBXBuildFile";
         fileRef = OBJ_108;
      };
      OBJ_234 = {
         isa = "PBXBuildFile";
         fileRef = OBJ_109;
      };
      OBJ_235 = {
         isa = "PBXBuildFile";
         fileRef = OBJ_110;
      };
      OBJ_236 = {
         isa = "PBXBuildFile";
         fileRef = OBJ_111;
      };
      OBJ_237 = {
         isa = "PBXBuildFile";
         fileRef = OBJ_112;
      };
      OBJ_238 = {
         isa = "PBXBuildFile";
         fileRef = OBJ_113;
      };
      OBJ_239 = {
         isa = "PBXBuildFile";
         fileRef = OBJ_114;
      };
      OBJ_24 = {
         isa = "PBXGroup";
         children = (
            OBJ_25,
            OBJ_26,
            OBJ_27,
            OBJ_28,
            OBJ_29,
            OBJ_30,
            OBJ_31,
            OBJ_32,
            OBJ_33,
         );
         name = "Commander 0.6.1";
         path = ".build/checkouts/Commander.git-8842944228949165507/Sources";
         sourceTree = "SOURCE_ROOT";
      };
      OBJ_240 = {
         isa = "PBXBuildFile";
         fileRef = OBJ_115;
      };
      OBJ_241 = {
         isa = "PBXBuildFile";
         fileRef = OBJ_116;
      };
      OBJ_242 = {
         isa = "PBXBuildFile";
         fileRef = OBJ_117;
      };
      OBJ_243 = {
         isa = "PBXBuildFile";
         fileRef = OBJ_118;
      };
      OBJ_244 = {
         isa = "PBXBuildFile";
         fileRef = OBJ_119;
      };
      OBJ_245 = {
         isa = "PBXBuildFile";
         fileRef = OBJ_121;
      };
      OBJ_246 = {
         isa = "PBXBuildFile";
         fileRef = OBJ_122;
      };
      OBJ_247 = {
         isa = "PBXBuildFile";
         fileRef = OBJ_123;
      };
      OBJ_248 = {
         isa = "PBXBuildFile";
         fileRef = OBJ_124;
      };
      OBJ_249 = {
         isa = "PBXBuildFile";
         fileRef = OBJ_125;
      };
      OBJ_25 = {
         isa = "PBXFileReference";
         path = "ArgumentConvertible.swift";
         sourceTree = "<group>";
      };
      OBJ_250 = {
         isa = "PBXBuildFile";
         fileRef = OBJ_126;
      };
      OBJ_251 = {
         isa = "PBXBuildFile";
         fileRef = OBJ_127;
      };
      OBJ_252 = {
         isa = "PBXBuildFile";
         fileRef = OBJ_128;
      };
      OBJ_253 = {
         isa = "PBXBuildFile";
         fileRef = OBJ_129;
      };
      OBJ_254 = {
         isa = "PBXBuildFile";
         fileRef = OBJ_130;
      };
      OBJ_255 = {
         isa = "PBXBuildFile";
         fileRef = OBJ_132;
      };
      OBJ_256 = {
         isa = "PBXBuildFile";
         fileRef = OBJ_133;
      };
      OBJ_257 = {
         isa = "PBXBuildFile";
         fileRef = OBJ_134;
      };
      OBJ_258 = {
         isa = "PBXBuildFile";
         fileRef = OBJ_135;
      };
      OBJ_259 = {
         isa = "PBXBuildFile";
         fileRef = OBJ_136;
      };
      OBJ_26 = {
         isa = "PBXFileReference";
         path = "ArgumentDescription.swift";
         sourceTree = "<group>";
      };
      OBJ_260 = {
         isa = "PBXBuildFile";
         fileRef = OBJ_137;
      };
      OBJ_261 = {
         isa = "PBXBuildFile";
         fileRef = OBJ_138;
      };
      OBJ_262 = {
         isa = "PBXBuildFile";
         fileRef = OBJ_139;
      };
      OBJ_263 = {
         isa = "PBXBuildFile";
         fileRef = OBJ_140;
      };
      OBJ_264 = {
         isa = "PBXBuildFile";
         fileRef = OBJ_142;
      };
      OBJ_265 = {
         isa = "PBXBuildFile";
         fileRef = OBJ_143;
      };
      OBJ_266 = {
         isa = "PBXBuildFile";
         fileRef = OBJ_144;
      };
      OBJ_267 = {
         isa = "PBXFrameworksBuildPhase";
         files = (
         );
      };
      OBJ_268 = {
         isa = "PBXNativeTarget";
         buildConfigurationList = OBJ_269;
         buildPhases = (
            OBJ_272,
            OBJ_278,
         );
         dependencies = (
         );
         name = "AEXML";
         productName = "AEXML";
         productReference = OBJ_163;
         productType = "com.apple.product-type.framework";
      };
      OBJ_269 = {
         isa = "XCConfigurationList";
         buildConfigurations = (
            OBJ_270,
            OBJ_271,
         );
         defaultConfigurationIsVisible = "0";
         defaultConfigurationName = "Debug";
      };
      OBJ_27 = {
         isa = "PBXFileReference";
         path = "ArgumentParser.swift";
         sourceTree = "<group>";
      };
      OBJ_270 = {
         isa = "XCBuildConfiguration";
         buildSettings = {
            ENABLE_TESTABILITY = "YES";
            FRAMEWORK_SEARCH_PATHS = (
               "$(inherited)",
               "$(PLATFORM_DIR)/Developer/Library/Frameworks",
            );
            HEADER_SEARCH_PATHS = (
               "$(inherited)",
            );
            INFOPLIST_FILE = "xcodeprojlint.xcodeproj/AEXML_Info.plist";
            LD_RUNPATH_SEARCH_PATHS = (
               "$(TOOLCHAIN_DIR)/usr/lib/swift/macosx",
            );
            OTHER_LDFLAGS = (
               "$(inherited)",
            );
            OTHER_SWIFT_FLAGS = (
               "$(inherited)",
            );
            PRODUCT_BUNDLE_IDENTIFIER = "AEXML";
            PRODUCT_MODULE_NAME = "$(TARGET_NAME:c99extidentifier)";
            PRODUCT_NAME = "$(TARGET_NAME:c99extidentifier)";
            SKIP_INSTALL = "YES";
            TARGET_NAME = "AEXML";
         };
         name = "Debug";
      };
      OBJ_271 = {
         isa = "XCBuildConfiguration";
         buildSettings = {
            ENABLE_TESTABILITY = "YES";
            FRAMEWORK_SEARCH_PATHS = (
               "$(inherited)",
               "$(PLATFORM_DIR)/Developer/Library/Frameworks",
            );
            HEADER_SEARCH_PATHS = (
               "$(inherited)",
            );
            INFOPLIST_FILE = "xcodeprojlint.xcodeproj/AEXML_Info.plist";
            LD_RUNPATH_SEARCH_PATHS = (
               "$(TOOLCHAIN_DIR)/usr/lib/swift/macosx",
            );
            OTHER_LDFLAGS = (
               "$(inherited)",
            );
            OTHER_SWIFT_FLAGS = (
               "$(inherited)",
            );
            PRODUCT_BUNDLE_IDENTIFIER = "AEXML";
            PRODUCT_MODULE_NAME = "$(TARGET_NAME:c99extidentifier)";
            PRODUCT_NAME = "$(TARGET_NAME:c99extidentifier)";
            SKIP_INSTALL = "YES";
            TARGET_NAME = "AEXML";
         };
         name = "Release";
      };
      OBJ_272 = {
         isa = "PBXSourcesBuildPhase";
         files = (
            OBJ_273,
            OBJ_274,
            OBJ_275,
            OBJ_276,
            OBJ_277,
         );
      };
      OBJ_273 = {
         isa = "PBXBuildFile";
         fileRef = OBJ_73;
      };
      OBJ_274 = {
         isa = "PBXBuildFile";
         fileRef = OBJ_74;
      };
      OBJ_275 = {
         isa = "PBXBuildFile";
         fileRef = OBJ_75;
      };
      OBJ_276 = {
         isa = "PBXBuildFile";
         fileRef = OBJ_76;
      };
      OBJ_277 = {
         isa = "PBXBuildFile";
         fileRef = OBJ_77;
      };
      OBJ_278 = {
         isa = "PBXFrameworksBuildPhase";
         files = (
         );
      };
      OBJ_279 = {
         isa = "PBXNativeTarget";
         buildConfigurationList = OBJ_280;
         buildPhases = (
            OBJ_283,
            OBJ_314,
         );
         dependencies = (
            OBJ_322,
            OBJ_323,
            OBJ_324,
            OBJ_325,
            OBJ_326,
            OBJ_327,
            OBJ_329,
         );
         name = "xcodeproj";
         productName = "xcodeproj";
         productReference = OBJ_164;
         productType = "com.apple.product-type.framework";
      };
      OBJ_28 = {
         isa = "PBXFileReference";
         path = "Command.swift";
         sourceTree = "<group>";
      };
      OBJ_280 = {
         isa = "XCConfigurationList";
         buildConfigurations = (
            OBJ_281,
            OBJ_282,
         );
         defaultConfigurationIsVisible = "0";
         defaultConfigurationName = "Debug";
      };
      OBJ_281 = {
         isa = "XCBuildConfiguration";
         buildSettings = {
            ENABLE_TESTABILITY = "YES";
            FRAMEWORK_SEARCH_PATHS = (
               "$(inherited)",
               "$(PLATFORM_DIR)/Developer/Library/Frameworks",
            );
            HEADER_SEARCH_PATHS = (
               "$(inherited)",
            );
            INFOPLIST_FILE = "xcodeprojlint.xcodeproj/xcodeproj_Info.plist";
            LD_RUNPATH_SEARCH_PATHS = (
               "$(TOOLCHAIN_DIR)/usr/lib/swift/macosx",
            );
            OTHER_LDFLAGS = (
               "$(inherited)",
            );
            OTHER_SWIFT_FLAGS = (
               "$(inherited)",
            );
            PRODUCT_BUNDLE_IDENTIFIER = "xcodeproj";
            PRODUCT_MODULE_NAME = "$(TARGET_NAME:c99extidentifier)";
            PRODUCT_NAME = "$(TARGET_NAME:c99extidentifier)";
            SKIP_INSTALL = "YES";
            TARGET_NAME = "xcodeproj";
         };
         name = "Debug";
      };
      OBJ_282 = {
         isa = "XCBuildConfiguration";
         buildSettings = {
            ENABLE_TESTABILITY = "YES";
            FRAMEWORK_SEARCH_PATHS = (
               "$(inherited)",
               "$(PLATFORM_DIR)/Developer/Library/Frameworks",
            );
            HEADER_SEARCH_PATHS = (
               "$(inherited)",
            );
            INFOPLIST_FILE = "xcodeprojlint.xcodeproj/xcodeproj_Info.plist";
            LD_RUNPATH_SEARCH_PATHS = (
               "$(TOOLCHAIN_DIR)/usr/lib/swift/macosx",
            );
            OTHER_LDFLAGS = (
               "$(inherited)",
            );
            OTHER_SWIFT_FLAGS = (
               "$(inherited)",
            );
            PRODUCT_BUNDLE_IDENTIFIER = "xcodeproj";
            PRODUCT_MODULE_NAME = "$(TARGET_NAME:c99extidentifier)";
            PRODUCT_NAME = "$(TARGET_NAME:c99extidentifier)";
            SKIP_INSTALL = "YES";
            TARGET_NAME = "xcodeproj";
         };
         name = "Release";
      };
      OBJ_283 = {
         isa = "PBXSourcesBuildPhase";
         files = (
            OBJ_284,
            OBJ_285,
            OBJ_286,
            OBJ_287,
            OBJ_288,
            OBJ_289,
            OBJ_290,
            OBJ_291,
            OBJ_292,
            OBJ_293,
            OBJ_294,
            OBJ_295,
            OBJ_296,
            OBJ_297,
            OBJ_298,
            OBJ_299,
            OBJ_300,
            OBJ_301,
            OBJ_302,
            OBJ_303,
            OBJ_304,
            OBJ_305,
            OBJ_306,
            OBJ_307,
            OBJ_308,
            OBJ_309,
            OBJ_310,
            OBJ_311,
            OBJ_312,
            OBJ_313,
         );
      };
      OBJ_284 = {
         isa = "PBXBuildFile";
         fileRef = OBJ_36;
      };
      OBJ_285 = {
         isa = "PBXBuildFile";
         fileRef = OBJ_37;
      };
      OBJ_286 = {
         isa = "PBXBuildFile";
         fileRef = OBJ_38;
      };
      OBJ_287 = {
         isa = "PBXBuildFile";
         fileRef = OBJ_39;
      };
      OBJ_288 = {
         isa = "PBXBuildFile";
         fileRef = OBJ_40;
      };
      OBJ_289 = {
         isa = "PBXBuildFile";
         fileRef = OBJ_41;
      };
      OBJ_29 = {
         isa = "PBXFileReference";
         path = "CommandRunner.swift";
         sourceTree = "<group>";
      };
      OBJ_290 = {
         isa = "PBXBuildFile";
         fileRef = OBJ_42;
      };
      OBJ_291 = {
         isa = "PBXBuildFile";
         fileRef = OBJ_43;
      };
      OBJ_292 = {
         isa = "PBXBuildFile";
         fileRef = OBJ_44;
      };
      OBJ_293 = {
         isa = "PBXBuildFile";
         fileRef = OBJ_45;
      };
      OBJ_294 = {
         isa = "PBXBuildFile";
         fileRef = OBJ_46;
      };
      OBJ_295 = {
         isa = "PBXBuildFile";
         fileRef = OBJ_47;
      };
      OBJ_296 = {
         isa = "PBXBuildFile";
         fileRef = OBJ_48;
      };
      OBJ_297 = {
         isa = "PBXBuildFile";
         fileRef = OBJ_49;
      };
      OBJ_298 = {
         isa = "PBXBuildFile";
         fileRef = OBJ_50;
      };
      OBJ_299 = {
         isa = "PBXBuildFile";
         fileRef = OBJ_51;
      };
      OBJ_3 = {
         isa = "XCBuildConfiguration";
         buildSettings = {
            CLANG_ENABLE_OBJC_ARC = "YES";
            COMBINE_HIDPI_IMAGES = "YES";
            COPY_PHASE_STRIP = "NO";
            DEBUG_INFORMATION_FORMAT = "dwarf";
            DYLIB_INSTALL_NAME_BASE = "@rpath";
            ENABLE_NS_ASSERTIONS = "YES";
            GCC_OPTIMIZATION_LEVEL = "0";
            MACOSX_DEPLOYMENT_TARGET = "10.10";
            ONLY_ACTIVE_ARCH = "YES";
            OTHER_SWIFT_FLAGS = (
               "-DXcode",
            );
            PRODUCT_NAME = "$(TARGET_NAME)";
            SDKROOT = "macosx";
            SUPPORTED_PLATFORMS = (
               "macosx",
               "iphoneos",
               "iphonesimulator",
               "appletvos",
               "appletvsimulator",
               "watchos",
               "watchsimulator",
            );
            SWIFT_ACTIVE_COMPILATION_CONDITIONS = "SWIFT_PACKAGE";
            SWIFT_OPTIMIZATION_LEVEL = "-Onone";
            SWIFT_VERSION = "3.0";
            USE_HEADERMAP = "NO";
         };
         name = "Debug";
      };
      OBJ_30 = {
         isa = "PBXFileReference";
         path = "Commands.swift";
         sourceTree = "<group>";
      };
      OBJ_300 = {
         isa = "PBXBuildFile";
         fileRef = OBJ_52;
      };
      OBJ_301 = {
         isa = "PBXBuildFile";
         fileRef = OBJ_53;
      };
      OBJ_302 = {
         isa = "PBXBuildFile";
         fileRef = OBJ_54;
      };
      OBJ_303 = {
         isa = "PBXBuildFile";
         fileRef = OBJ_55;
      };
      OBJ_304 = {
         isa = "PBXBuildFile";
         fileRef = OBJ_56;
      };
      OBJ_305 = {
         isa = "PBXBuildFile";
         fileRef = OBJ_57;
      };
      OBJ_306 = {
         isa = "PBXBuildFile";
         fileRef = OBJ_58;
      };
      OBJ_307 = {
         isa = "PBXBuildFile";
         fileRef = OBJ_59;
      };
      OBJ_308 = {
         isa = "PBXBuildFile";
         fileRef = OBJ_60;
      };
      OBJ_309 = {
         isa = "PBXBuildFile";
         fileRef = OBJ_61;
      };
      OBJ_31 = {
         isa = "PBXFileReference";
         path = "CommandType.swift";
         sourceTree = "<group>";
      };
      OBJ_310 = {
         isa = "PBXBuildFile";
         fileRef = OBJ_62;
      };
      OBJ_311 = {
         isa = "PBXBuildFile";
         fileRef = OBJ_63;
      };
      OBJ_312 = {
         isa = "PBXBuildFile";
         fileRef = OBJ_64;
      };
      OBJ_313 = {
         isa = "PBXBuildFile";
         fileRef = OBJ_65;
      };
      OBJ_314 = {
         isa = "PBXFrameworksBuildPhase";
         files = (
            OBJ_315,
            OBJ_316,
            OBJ_317,
            OBJ_318,
            OBJ_319,
            OBJ_320,
            OBJ_321,
         );
      };
      OBJ_315 = {
         isa = "PBXBuildFile";
         fileRef = OBJ_159;
      };
      OBJ_316 = {
         isa = "PBXBuildFile";
         fileRef = OBJ_160;
      };
      OBJ_317 = {
         isa = "PBXBuildFile";
         fileRef = OBJ_161;
      };
      OBJ_318 = {
         isa = "PBXBuildFile";
         fileRef = OBJ_162;
      };
      OBJ_319 = {
         isa = "PBXBuildFile";
         fileRef = OBJ_163;
      };
      OBJ_32 = {
         isa = "PBXFileReference";
         path = "Error.swift";
         sourceTree = "<group>";
      };
      OBJ_320 = {
         isa = "PBXBuildFile";
         fileRef = OBJ_165;
      };
      OBJ_321 = {
         isa = "PBXBuildFile";
         fileRef = OBJ_166;
      };
      OBJ_322 = {
         isa = "PBXTargetDependency";
         target = OBJ_170;
      };
      OBJ_323 = {
         isa = "PBXTargetDependency";
         target = OBJ_184;
      };
      OBJ_324 = {
         isa = "PBXTargetDependency";
         target = OBJ_193;
      };
      OBJ_325 = {
         isa = "PBXTargetDependency";
         target = OBJ_200;
      };
      OBJ_326 = {
         isa = "PBXTargetDependency";
         target = OBJ_268;
      };
      OBJ_327 = {
         isa = "PBXTargetDependency";
         target = OBJ_328;
      };
      OBJ_328 = {
         isa = "PBXNativeTarget";
         buildConfigurationList = OBJ_331;
         buildPhases = (
            OBJ_334,
            OBJ_337,
         );
         dependencies = (
            OBJ_343,
            OBJ_344,
            OBJ_345,
            OBJ_346,
            OBJ_347,
         );
         name = "xcodeprojextensions";
         productName = "xcodeprojextensions";
         productReference = OBJ_165;
         productType = "com.apple.product-type.framework";
      };
      OBJ_329 = {
         isa = "PBXTargetDependency";
         target = OBJ_330;
      };
      OBJ_33 = {
         isa = "PBXFileReference";
         path = "Group.swift";
         sourceTree = "<group>";
      };
      OBJ_330 = {
         isa = "PBXNativeTarget";
         buildConfigurationList = OBJ_348;
         buildPhases = (
            OBJ_351,
            OBJ_354,
         );
         dependencies = (
            OBJ_361,
            OBJ_362,
            OBJ_363,
            OBJ_364,
            OBJ_365,
            OBJ_366,
         );
         name = "xcodeprojprotocols";
         productName = "xcodeprojprotocols";
         productReference = OBJ_166;
         productType = "com.apple.product-type.framework";
      };
      OBJ_331 = {
         isa = "XCConfigurationList";
         buildConfigurations = (
            OBJ_332,
            OBJ_333,
         );
         defaultConfigurationIsVisible = "0";
         defaultConfigurationName = "Debug";
      };
      OBJ_332 = {
         isa = "XCBuildConfiguration";
         buildSettings = {
            ENABLE_TESTABILITY = "YES";
            FRAMEWORK_SEARCH_PATHS = (
               "$(inherited)",
               "$(PLATFORM_DIR)/Developer/Library/Frameworks",
            );
            HEADER_SEARCH_PATHS = (
               "$(inherited)",
            );
            INFOPLIST_FILE = "xcodeprojlint.xcodeproj/xcodeprojextensions_Info.plist";
            LD_RUNPATH_SEARCH_PATHS = (
               "$(TOOLCHAIN_DIR)/usr/lib/swift/macosx",
            );
            OTHER_LDFLAGS = (
               "$(inherited)",
            );
            OTHER_SWIFT_FLAGS = (
               "$(inherited)",
            );
            PRODUCT_BUNDLE_IDENTIFIER = "xcodeprojextensions";
            PRODUCT_MODULE_NAME = "$(TARGET_NAME:c99extidentifier)";
            PRODUCT_NAME = "$(TARGET_NAME:c99extidentifier)";
            SKIP_INSTALL = "YES";
            TARGET_NAME = "xcodeprojextensions";
         };
         name = "Debug";
      };
      OBJ_333 = {
         isa = "XCBuildConfiguration";
         buildSettings = {
            ENABLE_TESTABILITY = "YES";
            FRAMEWORK_SEARCH_PATHS = (
               "$(inherited)",
               "$(PLATFORM_DIR)/Developer/Library/Frameworks",
            );
            HEADER_SEARCH_PATHS = (
               "$(inherited)",
            );
            INFOPLIST_FILE = "xcodeprojlint.xcodeproj/xcodeprojextensions_Info.plist";
            LD_RUNPATH_SEARCH_PATHS = (
               "$(TOOLCHAIN_DIR)/usr/lib/swift/macosx",
            );
            OTHER_LDFLAGS = (
               "$(inherited)",
            );
            OTHER_SWIFT_FLAGS = (
               "$(inherited)",
            );
            PRODUCT_BUNDLE_IDENTIFIER = "xcodeprojextensions";
            PRODUCT_MODULE_NAME = "$(TARGET_NAME:c99extidentifier)";
            PRODUCT_NAME = "$(TARGET_NAME:c99extidentifier)";
            SKIP_INSTALL = "YES";
            TARGET_NAME = "xcodeprojextensions";
         };
         name = "Release";
      };
      OBJ_334 = {
         isa = "PBXSourcesBuildPhase";
         files = (
            OBJ_335,
            OBJ_336,
         );
      };
      OBJ_335 = {
         isa = "PBXBuildFile";
         fileRef = OBJ_67;
      };
      OBJ_336 = {
         isa = "PBXBuildFile";
         fileRef = OBJ_68;
      };
      OBJ_337 = {
         isa = "PBXFrameworksBuildPhase";
         files = (
            OBJ_338,
            OBJ_339,
            OBJ_340,
            OBJ_341,
            OBJ_342,
         );
      };
      OBJ_338 = {
         isa = "PBXBuildFile";
         fileRef = OBJ_159;
      };
      OBJ_339 = {
         isa = "PBXBuildFile";
         fileRef = OBJ_160;
      };
      OBJ_34 = {
         isa = "PBXGroup";
         children = (
            OBJ_35,
            OBJ_66,
            OBJ_69,
         );
         name = "xcodeproj 0.0.3";
         path = "";
         sourceTree = "SOURCE_ROOT";
      };
      OBJ_340 = {
         isa = "PBXBuildFile";
         fileRef = OBJ_161;
      };
      OBJ_341 = {
         isa = "PBXBuildFile";
         fileRef = OBJ_162;
      };
      OBJ_342 = {
         isa = "PBXBuildFile";
         fileRef = OBJ_163;
      };
      OBJ_343 = {
         isa = "PBXTargetDependency";
         target = OBJ_170;
      };
      OBJ_344 = {
         isa = "PBXTargetDependency";
         target = OBJ_184;
      };
      OBJ_345 = {
         isa = "PBXTargetDependency";
         target = OBJ_193;
      };
      OBJ_346 = {
         isa = "PBXTargetDependency";
         target = OBJ_200;
      };
      OBJ_347 = {
         isa = "PBXTargetDependency";
         target = OBJ_268;
      };
      OBJ_348 = {
         isa = "XCConfigurationList";
         buildConfigurations = (
            OBJ_349,
            OBJ_350,
         );
         defaultConfigurationIsVisible = "0";
         defaultConfigurationName = "Debug";
      };
      OBJ_349 = {
         isa = "XCBuildConfiguration";
         buildSettings = {
            ENABLE_TESTABILITY = "YES";
            FRAMEWORK_SEARCH_PATHS = (
               "$(inherited)",
               "$(PLATFORM_DIR)/Developer/Library/Frameworks",
            );
            HEADER_SEARCH_PATHS = (
               "$(inherited)",
            );
            INFOPLIST_FILE = "xcodeprojlint.xcodeproj/xcodeprojprotocols_Info.plist";
            LD_RUNPATH_SEARCH_PATHS = (
               "$(TOOLCHAIN_DIR)/usr/lib/swift/macosx",
            );
            OTHER_LDFLAGS = (
               "$(inherited)",
            );
            OTHER_SWIFT_FLAGS = (
               "$(inherited)",
            );
            PRODUCT_BUNDLE_IDENTIFIER = "xcodeprojprotocols";
            PRODUCT_MODULE_NAME = "$(TARGET_NAME:c99extidentifier)";
            PRODUCT_NAME = "$(TARGET_NAME:c99extidentifier)";
            SKIP_INSTALL = "YES";
            TARGET_NAME = "xcodeprojprotocols";
         };
         name = "Debug";
      };
      OBJ_35 = {
         isa = "PBXGroup";
         children = (
            OBJ_36,
            OBJ_37,
            OBJ_38,
            OBJ_39,
            OBJ_40,
            OBJ_41,
            OBJ_42,
            OBJ_43,
            OBJ_44,
            OBJ_45,
            OBJ_46,
            OBJ_47,
            OBJ_48,
            OBJ_49,
            OBJ_50,
            OBJ_51,
            OBJ_52,
            OBJ_53,
            OBJ_54,
            OBJ_55,
            OBJ_56,
            OBJ_57,
            OBJ_58,
            OBJ_59,
            OBJ_60,
            OBJ_61,
            OBJ_62,
            OBJ_63,
            OBJ_64,
            OBJ_65,
         );
         name = "xcodeproj";
         path = ".build/checkouts/xcodeproj.git-530843958390952143/Sources/xcodeproj";
         sourceTree = "SOURCE_ROOT";
      };
      OBJ_350 = {
         isa = "XCBuildConfiguration";
         buildSettings = {
            ENABLE_TESTABILITY = "YES";
            FRAMEWORK_SEARCH_PATHS = (
               "$(inherited)",
               "$(PLATFORM_DIR)/Developer/Library/Frameworks",
            );
            HEADER_SEARCH_PATHS = (
               "$(inherited)",
            );
            INFOPLIST_FILE = "xcodeprojlint.xcodeproj/xcodeprojprotocols_Info.plist";
            LD_RUNPATH_SEARCH_PATHS = (
               "$(TOOLCHAIN_DIR)/usr/lib/swift/macosx",
            );
            OTHER_LDFLAGS = (
               "$(inherited)",
            );
            OTHER_SWIFT_FLAGS = (
               "$(inherited)",
            );
            PRODUCT_BUNDLE_IDENTIFIER = "xcodeprojprotocols";
            PRODUCT_MODULE_NAME = "$(TARGET_NAME:c99extidentifier)";
            PRODUCT_NAME = "$(TARGET_NAME:c99extidentifier)";
            SKIP_INSTALL = "YES";
            TARGET_NAME = "xcodeprojprotocols";
         };
         name = "Release";
      };
      OBJ_351 = {
         isa = "PBXSourcesBuildPhase";
         files = (
            OBJ_352,
            OBJ_353,
         );
      };
      OBJ_352 = {
         isa = "PBXBuildFile";
         fileRef = OBJ_70;
      };
      OBJ_353 = {
         isa = "PBXBuildFile";
         fileRef = OBJ_71;
      };
      OBJ_354 = {
         isa = "PBXFrameworksBuildPhase";
         files = (
            OBJ_355,
            OBJ_356,
            OBJ_357,
            OBJ_358,
            OBJ_359,
            OBJ_360,
         );
      };
      OBJ_355 = {
         isa = "PBXBuildFile";
         fileRef = OBJ_159;
      };
      OBJ_356 = {
         isa = "PBXBuildFile";
         fileRef = OBJ_160;
      };
      OBJ_357 = {
         isa = "PBXBuildFile";
         fileRef = OBJ_161;
      };
      OBJ_358 = {
         isa = "PBXBuildFile";
         fileRef = OBJ_162;
      };
      OBJ_359 = {
         isa = "PBXBuildFile";
         fileRef = OBJ_163;
      };
      OBJ_36 = {
         isa = "PBXFileReference";
         path = "PBXAggregateTarget.swift";
         sourceTree = "<group>";
      };
      OBJ_360 = {
         isa = "PBXBuildFile";
         fileRef = OBJ_165;
      };
      OBJ_361 = {
         isa = "PBXTargetDependency";
         target = OBJ_170;
      };
      OBJ_362 = {
         isa = "PBXTargetDependency";
         target = OBJ_184;
      };
      OBJ_363 = {
         isa = "PBXTargetDependency";
         target = OBJ_193;
      };
      OBJ_364 = {
         isa = "PBXTargetDependency";
         target = OBJ_200;
      };
      OBJ_365 = {
         isa = "PBXTargetDependency";
         target = OBJ_268;
      };
      OBJ_366 = {
         isa = "PBXTargetDependency";
         target = OBJ_328;
      };
      OBJ_367 = {
         isa = "PBXNativeTarget";
         buildConfigurationList = OBJ_368;
         buildPhases = (
            OBJ_371,
            OBJ_381,
         );
         dependencies = (
            OBJ_383,
         );
         name = "Commander";
         productName = "Commander";
         productReference = OBJ_167;
         productType = "com.apple.product-type.framework";
      };
      OBJ_368 = {
         isa = "XCConfigurationList";
         buildConfigurations = (
            OBJ_369,
            OBJ_370,
         );
         defaultConfigurationIsVisible = "0";
         defaultConfigurationName = "Debug";
      };
      OBJ_369 = {
         isa = "XCBuildConfiguration";
         buildSettings = {
            ENABLE_TESTABILITY = "YES";
            FRAMEWORK_SEARCH_PATHS = (
               "$(inherited)",
               "$(PLATFORM_DIR)/Developer/Library/Frameworks",
            );
            HEADER_SEARCH_PATHS = (
               "$(inherited)",
            );
            INFOPLIST_FILE = "xcodeprojlint.xcodeproj/Commander_Info.plist";
            LD_RUNPATH_SEARCH_PATHS = (
               "$(TOOLCHAIN_DIR)/usr/lib/swift/macosx",
            );
            OTHER_LDFLAGS = (
               "$(inherited)",
            );
            OTHER_SWIFT_FLAGS = (
               "$(inherited)",
            );
            PRODUCT_BUNDLE_IDENTIFIER = "Commander";
            PRODUCT_MODULE_NAME = "$(TARGET_NAME:c99extidentifier)";
            PRODUCT_NAME = "$(TARGET_NAME:c99extidentifier)";
            SKIP_INSTALL = "YES";
            TARGET_NAME = "Commander";
         };
         name = "Debug";
      };
      OBJ_37 = {
         isa = "PBXFileReference";
         path = "PBXBuildFile.swift";
         sourceTree = "<group>";
      };
      OBJ_370 = {
         isa = "XCBuildConfiguration";
         buildSettings = {
            ENABLE_TESTABILITY = "YES";
            FRAMEWORK_SEARCH_PATHS = (
               "$(inherited)",
               "$(PLATFORM_DIR)/Developer/Library/Frameworks",
            );
            HEADER_SEARCH_PATHS = (
               "$(inherited)",
            );
            INFOPLIST_FILE = "xcodeprojlint.xcodeproj/Commander_Info.plist";
            LD_RUNPATH_SEARCH_PATHS = (
               "$(TOOLCHAIN_DIR)/usr/lib/swift/macosx",
            );
            OTHER_LDFLAGS = (
               "$(inherited)",
            );
            OTHER_SWIFT_FLAGS = (
               "$(inherited)",
            );
            PRODUCT_BUNDLE_IDENTIFIER = "Commander";
            PRODUCT_MODULE_NAME = "$(TARGET_NAME:c99extidentifier)";
            PRODUCT_NAME = "$(TARGET_NAME:c99extidentifier)";
            SKIP_INSTALL = "YES";
            TARGET_NAME = "Commander";
         };
         name = "Release";
      };
      OBJ_371 = {
         isa = "PBXSourcesBuildPhase";
         files = (
            OBJ_372,
            OBJ_373,
            OBJ_374,
            OBJ_375,
            OBJ_376,
            OBJ_377,
            OBJ_378,
            OBJ_379,
            OBJ_380,
         );
      };
      OBJ_372 = {
         isa = "PBXBuildFile";
         fileRef = OBJ_25;
      };
      OBJ_373 = {
         isa = "PBXBuildFile";
         fileRef = OBJ_26;
      };
      OBJ_374 = {
         isa = "PBXBuildFile";
         fileRef = OBJ_27;
      };
      OBJ_375 = {
         isa = "PBXBuildFile";
         fileRef = OBJ_28;
      };
      OBJ_376 = {
         isa = "PBXBuildFile";
         fileRef = OBJ_29;
      };
      OBJ_377 = {
         isa = "PBXBuildFile";
         fileRef = OBJ_30;
      };
      OBJ_378 = {
         isa = "PBXBuildFile";
         fileRef = OBJ_31;
      };
      OBJ_379 = {
         isa = "PBXBuildFile";
         fileRef = OBJ_32;
      };
      OBJ_38 = {
         isa = "PBXFileReference";
         path = "PBXContainerItemProxy.swift";
         sourceTree = "<group>";
      };
      OBJ_380 = {
         isa = "PBXBuildFile";
         fileRef = OBJ_33;
      };
      OBJ_381 = {
         isa = "PBXFrameworksBuildPhase";
         files = (
            OBJ_382,
         );
      };
      OBJ_382 = {
         isa = "PBXBuildFile";
         fileRef = OBJ_159;
      };
      OBJ_383 = {
         isa = "PBXTargetDependency";
         target = OBJ_170;
      };
      OBJ_384 = {
         isa = "PBXNativeTarget";
         buildConfigurationList = OBJ_385;
         buildPhases = (
            OBJ_388,
            OBJ_400,
         );
         dependencies = (
         );
         name = "Rainbow";
         productName = "Rainbow";
         productReference = OBJ_168;
         productType = "com.apple.product-type.framework";
      };
      OBJ_385 = {
         isa = "XCConfigurationList";
         buildConfigurations = (
            OBJ_386,
            OBJ_387,
         );
         defaultConfigurationIsVisible = "0";
         defaultConfigurationName = "Debug";
      };
      OBJ_386 = {
         isa = "XCBuildConfiguration";
         buildSettings = {
            ENABLE_TESTABILITY = "YES";
            FRAMEWORK_SEARCH_PATHS = (
               "$(inherited)",
               "$(PLATFORM_DIR)/Developer/Library/Frameworks",
            );
            HEADER_SEARCH_PATHS = (
               "$(inherited)",
            );
            INFOPLIST_FILE = "xcodeprojlint.xcodeproj/Rainbow_Info.plist";
            LD_RUNPATH_SEARCH_PATHS = (
               "$(TOOLCHAIN_DIR)/usr/lib/swift/macosx",
            );
            OTHER_LDFLAGS = (
               "$(inherited)",
            );
            OTHER_SWIFT_FLAGS = (
               "$(inherited)",
            );
            PRODUCT_BUNDLE_IDENTIFIER = "Rainbow";
            PRODUCT_MODULE_NAME = "$(TARGET_NAME:c99extidentifier)";
            PRODUCT_NAME = "$(TARGET_NAME:c99extidentifier)";
            SKIP_INSTALL = "YES";
            TARGET_NAME = "Rainbow";
         };
         name = "Debug";
      };
      OBJ_387 = {
         isa = "XCBuildConfiguration";
         buildSettings = {
            ENABLE_TESTABILITY = "YES";
            FRAMEWORK_SEARCH_PATHS = (
               "$(inherited)",
               "$(PLATFORM_DIR)/Developer/Library/Frameworks",
            );
            HEADER_SEARCH_PATHS = (
               "$(inherited)",
            );
            INFOPLIST_FILE = "xcodeprojlint.xcodeproj/Rainbow_Info.plist";
            LD_RUNPATH_SEARCH_PATHS = (
               "$(TOOLCHAIN_DIR)/usr/lib/swift/macosx",
            );
            OTHER_LDFLAGS = (
               "$(inherited)",
            );
            OTHER_SWIFT_FLAGS = (
               "$(inherited)",
            );
            PRODUCT_BUNDLE_IDENTIFIER = "Rainbow";
            PRODUCT_MODULE_NAME = "$(TARGET_NAME:c99extidentifier)";
            PRODUCT_NAME = "$(TARGET_NAME:c99extidentifier)";
            SKIP_INSTALL = "YES";
            TARGET_NAME = "Rainbow";
         };
         name = "Release";
      };
      OBJ_388 = {
         isa = "PBXSourcesBuildPhase";
         files = (
            OBJ_389,
            OBJ_390,
            OBJ_391,
            OBJ_392,
            OBJ_393,
            OBJ_394,
            OBJ_395,
            OBJ_396,
            OBJ_397,
            OBJ_398,
            OBJ_399,
         );
      };
      OBJ_389 = {
         isa = "PBXBuildFile";
         fileRef = OBJ_13;
      };
      OBJ_39 = {
         isa = "PBXFileReference";
         path = "PBXCopyFilesBuildPhase.swift";
         sourceTree = "<group>";
      };
      OBJ_390 = {
         isa = "PBXBuildFile";
         fileRef = OBJ_14;
      };
      OBJ_391 = {
         isa = "PBXBuildFile";
         fileRef = OBJ_15;
      };
      OBJ_392 = {
         isa = "PBXBuildFile";
         fileRef = OBJ_16;
      };
      OBJ_393 = {
         isa = "PBXBuildFile";
         fileRef = OBJ_17;
      };
      OBJ_394 = {
         isa = "PBXBuildFile";
         fileRef = OBJ_18;
      };
      OBJ_395 = {
         isa = "PBXBuildFile";
         fileRef = OBJ_19;
      };
      OBJ_396 = {
         isa = "PBXBuildFile";
         fileRef = OBJ_20;
      };
      OBJ_397 = {
         isa = "PBXBuildFile";
         fileRef = OBJ_21;
      };
      OBJ_398 = {
         isa = "PBXBuildFile";
         fileRef = OBJ_22;
      };
      OBJ_399 = {
         isa = "PBXBuildFile";
         fileRef = OBJ_23;
      };
      OBJ_4 = {
         isa = "XCBuildConfiguration";
         buildSettings = {
            CLANG_ENABLE_OBJC_ARC = "YES";
            COMBINE_HIDPI_IMAGES = "YES";
            COPY_PHASE_STRIP = "YES";
            DEBUG_INFORMATION_FORMAT = "dwarf-with-dsym";
            DYLIB_INSTALL_NAME_BASE = "@rpath";
            GCC_OPTIMIZATION_LEVEL = "s";
            MACOSX_DEPLOYMENT_TARGET = "10.10";
            OTHER_SWIFT_FLAGS = (
               "-DXcode",
            );
            PRODUCT_NAME = "$(TARGET_NAME)";
            SDKROOT = "macosx";
            SUPPORTED_PLATFORMS = (
               "macosx",
               "iphoneos",
               "iphonesimulator",
               "appletvos",
               "appletvsimulator",
               "watchos",
               "watchsimulator",
            );
            SWIFT_ACTIVE_COMPILATION_CONDITIONS = "SWIFT_PACKAGE";
            SWIFT_OPTIMIZATION_LEVEL = "-Owholemodule";
            SWIFT_VERSION = "3.0";
            USE_HEADERMAP = "NO";
         };
         name = "Release";
      };
      OBJ_40 = {
         isa = "PBXFileReference";
         path = "PBXFileElement.swift";
         sourceTree = "<group>";
      };
      OBJ_400 = {
         isa = "PBXFrameworksBuildPhase";
         files = (
         );
      };
      OBJ_401 = {
         isa = "PBXNativeTarget";
         buildConfigurationList = OBJ_402;
         buildPhases = (
            OBJ_405,
            OBJ_407,
         );
         dependencies = (
            OBJ_418,
            OBJ_419,
            OBJ_420,
            OBJ_421,
            OBJ_422,
            OBJ_423,
            OBJ_424,
            OBJ_425,
            OBJ_426,
            OBJ_427,
         );
         name = "xcodeprojlint";
         productName = "xcodeprojlint";
         productReference = OBJ_169;
         productType = "com.apple.product-type.tool";
      };
      OBJ_402 = {
         isa = "XCConfigurationList";
         buildConfigurations = (
            OBJ_403,
            OBJ_404,
         );
         defaultConfigurationIsVisible = "0";
         defaultConfigurationName = "Debug";
      };
      OBJ_403 = {
         isa = "XCBuildConfiguration";
         buildSettings = {
            FRAMEWORK_SEARCH_PATHS = (
               "$(inherited)",
               "$(PLATFORM_DIR)/Developer/Library/Frameworks",
            );
            HEADER_SEARCH_PATHS = (
               "$(inherited)",
            );
            INFOPLIST_FILE = "xcodeprojlint.xcodeproj/xcodeprojlint_Info.plist";
            LD_RUNPATH_SEARCH_PATHS = (
               "$(TOOLCHAIN_DIR)/usr/lib/swift/macosx",
               "@executable_path",
            );
            OTHER_LDFLAGS = (
               "$(inherited)",
            );
            OTHER_SWIFT_FLAGS = (
               "$(inherited)",
            );
            SWIFT_FORCE_DYNAMIC_LINK_STDLIB = "YES";
            SWIFT_FORCE_STATIC_LINK_STDLIB = "NO";
            TARGET_NAME = "xcodeprojlint";
         };
         name = "Debug";
      };
      OBJ_404 = {
         isa = "XCBuildConfiguration";
         buildSettings = {
            FRAMEWORK_SEARCH_PATHS = (
               "$(inherited)",
               "$(PLATFORM_DIR)/Developer/Library/Frameworks",
            );
            HEADER_SEARCH_PATHS = (
               "$(inherited)",
            );
            INFOPLIST_FILE = "xcodeprojlint.xcodeproj/xcodeprojlint_Info.plist";
            LD_RUNPATH_SEARCH_PATHS = (
               "$(TOOLCHAIN_DIR)/usr/lib/swift/macosx",
               "@executable_path",
            );
            OTHER_LDFLAGS = (
               "$(inherited)",
            );
            OTHER_SWIFT_FLAGS = (
               "$(inherited)",
            );
            SWIFT_FORCE_DYNAMIC_LINK_STDLIB = "YES";
            SWIFT_FORCE_STATIC_LINK_STDLIB = "NO";
            TARGET_NAME = "xcodeprojlint";
         };
         name = "Release";
      };
      OBJ_405 = {
         isa = "PBXSourcesBuildPhase";
         files = (
            OBJ_406,
         );
      };
      OBJ_406 = {
         isa = "PBXBuildFile";
         fileRef = OBJ_9;
      };
      OBJ_407 = {
         isa = "PBXFrameworksBuildPhase";
         files = (
            OBJ_408,
            OBJ_409,
            OBJ_410,
            OBJ_411,
            OBJ_412,
            OBJ_413,
            OBJ_414,
            OBJ_415,
            OBJ_416,
            OBJ_417,
         );
      };
      OBJ_408 = {
         isa = "PBXBuildFile";
         fileRef = OBJ_159;
      };
      OBJ_409 = {
         isa = "PBXBuildFile";
         fileRef = OBJ_160;
      };
      OBJ_41 = {
         isa = "PBXFileReference";
         path = "PBXFileReference.swift";
         sourceTree = "<group>";
      };
      OBJ_410 = {
         isa = "PBXBuildFile";
         fileRef = OBJ_161;
      };
      OBJ_411 = {
         isa = "PBXBuildFile";
         fileRef = OBJ_162;
      };
      OBJ_412 = {
         isa = "PBXBuildFile";
         fileRef = OBJ_163;
      };
      OBJ_413 = {
         isa = "PBXBuildFile";
         fileRef = OBJ_165;
      };
      OBJ_414 = {
         isa = "PBXBuildFile";
         fileRef = OBJ_166;
      };
      OBJ_415 = {
         isa = "PBXBuildFile";
         fileRef = OBJ_164;
      };
      OBJ_416 = {
         isa = "PBXBuildFile";
         fileRef = OBJ_167;
      };
      OBJ_417 = {
         isa = "PBXBuildFile";
         fileRef = OBJ_168;
      };
      OBJ_418 = {
         isa = "PBXTargetDependency";
         target = OBJ_170;
      };
      OBJ_419 = {
         isa = "PBXTargetDependency";
         target = OBJ_184;
      };
      OBJ_42 = {
         isa = "PBXFileReference";
         path = "PBXFrameworksBuildPhase.swift";
         sourceTree = "<group>";
      };
      OBJ_420 = {
         isa = "PBXTargetDependency";
         target = OBJ_193;
      };
      OBJ_421 = {
         isa = "PBXTargetDependency";
         target = OBJ_200;
      };
      OBJ_422 = {
         isa = "PBXTargetDependency";
         target = OBJ_268;
      };
      OBJ_423 = {
         isa = "PBXTargetDependency";
         target = OBJ_328;
      };
      OBJ_424 = {
         isa = "PBXTargetDependency";
         target = OBJ_330;
      };
      OBJ_425 = {
         isa = "PBXTargetDependency";
         target = OBJ_279;
      };
      OBJ_426 = {
         isa = "PBXTargetDependency";
         target = OBJ_367;
      };
      OBJ_427 = {
         isa = "PBXTargetDependency";
         target = OBJ_384;
      };
      OBJ_43 = {
         isa = "PBXFileReference";
         path = "PBXGroup.swift";
         sourceTree = "<group>";
      };
      OBJ_44 = {
         isa = "PBXFileReference";
         path = "PBXHeadersBuildPhase.swift";
         sourceTree = "<group>";
      };
      OBJ_45 = {
         isa = "PBXFileReference";
         path = "PBXNativeTarget.swift";
         sourceTree = "<group>";
      };
      OBJ_46 = {
         isa = "PBXFileReference";
         path = "PBXObject.swift";
         sourceTree = "<group>";
      };
      OBJ_47 = {
         isa = "PBXFileReference";
         path = "PBXProductType.swift";
         sourceTree = "<group>";
      };
      OBJ_48 = {
         isa = "PBXFileReference";
         path = "PBXProj.swift";
         sourceTree = "<group>";
      };
      OBJ_49 = {
         isa = "PBXFileReference";
         path = "PBXProject.swift";
         sourceTree = "<group>";
      };
      OBJ_5 = {
         isa = "PBXGroup";
         children = (
            OBJ_6,
            OBJ_7,
            OBJ_10,
            OBJ_11,
            OBJ_158,
         );
         path = "";
         sourceTree = "<group>";
      };
      OBJ_50 = {
         isa = "PBXFileReference";
         path = "PBXResourcesBuildPhase.swift";
         sourceTree = "<group>";
      };
      OBJ_51 = {
         isa = "PBXFileReference";
         path = "PBXShellScriptBuildPhase.swift";
         sourceTree = "<group>";
      };
      OBJ_52 = {
         isa = "PBXFileReference";
         path = "PBXSourcesBuildPhase.swift";
         sourceTree = "<group>";
      };
      OBJ_53 = {
         isa = "PBXFileReference";
         path = "PBXSourceTree.swift";
         sourceTree = "<group>";
      };
      OBJ_54 = {
         isa = "PBXFileReference";
         path = "PBXTarget.swift";
         sourceTree = "<group>";
      };
      OBJ_55 = {
         isa = "PBXFileReference";
         path = "PBXTargetDependency.swift";
         sourceTree = "<group>";
      };
      OBJ_56 = {
         isa = "PBXFileReference";
         path = "PBXVariantGroup.swift";
         sourceTree = "<group>";
      };
      OBJ_57 = {
         isa = "PBXFileReference";
         path = "ProjectClass.swift";
         sourceTree = "<group>";
      };
      OBJ_58 = {
         isa = "PBXFileReference";
         path = "UUID.swift";
         sourceTree = "<group>";
      };
      OBJ_59 = {
         isa = "PBXFileReference";
         path = "XCBuildConfiguration.swift";
         sourceTree = "<group>";
      };
      OBJ_6 = {
         isa = "PBXFileReference";
         explicitFileType = "sourcecode.swift";
         path = "Package.swift";
         sourceTree = "<group>";
      };
      OBJ_60 = {
         isa = "PBXFileReference";
         path = "XCConfigurationList.swift";
         sourceTree = "<group>";
      };
      OBJ_61 = {
         isa = "PBXFileReference";
         path = "XcodeProj.swift";
         sourceTree = "<group>";
      };
      OBJ_62 = {
         isa = "PBXFileReference";
         path = "XCScheme.swift";
         sourceTree = "<group>";
      };
      OBJ_63 = {
         isa = "PBXFileReference";
         path = "XCSharedData.swift";
         sourceTree = "<group>";
      };
      OBJ_64 = {
         isa = "PBXFileReference";
         path = "XCWorkspace.swift";
         sourceTree = "<group>";
      };
      OBJ_65 = {
         isa = "PBXFileReference";
         path = "XCWorkspaceData.swift";
         sourceTree = "<group>";
      };
      OBJ_66 = {
         isa = "PBXGroup";
         children = (
            OBJ_67,
            OBJ_68,
         );
         name = "xcodeprojextensions";
         path = ".build/checkouts/xcodeproj.git-530843958390952143/Sources/xcodeprojextensions";
         sourceTree = "SOURCE_ROOT";
      };
      OBJ_67 = {
         isa = "PBXFileReference";
         path = "Bool+Extras.swift";
         sourceTree = "<group>";
      };
      OBJ_68 = {
         isa = "PBXFileReference";
         path = "Dictionary+Extras.swift";
         sourceTree = "<group>";
      };
      OBJ_69 = {
         isa = "PBXGroup";
         children = (
            OBJ_70,
            OBJ_71,
         );
         name = "xcodeprojprotocols";
         path = ".build/checkouts/xcodeproj.git-530843958390952143/Sources/xcodeprojprotocols";
         sourceTree = "SOURCE_ROOT";
      };
      OBJ_7 = {
         isa = "PBXGroup";
         children = (
            OBJ_8,
         );
         name = "Sources";
         path = "";
         sourceTree = "SOURCE_ROOT";
      };
      OBJ_70 = {
         isa = "PBXFileReference";
         path = "PlistInitiatable.swift";
         sourceTree = "<group>";
      };
      OBJ_71 = {
         isa = "PBXFileReference";
         path = "Writable.swift";
         sourceTree = "<group>";
      };
      OBJ_72 = {
         isa = "PBXGroup";
         children = (
            OBJ_73,
            OBJ_74,
            OBJ_75,
            OBJ_76,
            OBJ_77,
         );
         name = "AEXML 4.1.0";
         path = ".build/checkouts/AEXML.git--1992474868199569405/Sources";
         sourceTree = "SOURCE_ROOT";
      };
      OBJ_73 = {
         isa = "PBXFileReference";
         path = "Document.swift";
         sourceTree = "<group>";
      };
      OBJ_74 = {
         isa = "PBXFileReference";
         path = "Element.swift";
         sourceTree = "<group>";
      };
      OBJ_75 = {
         isa = "PBXFileReference";
         path = "Error.swift";
         sourceTree = "<group>";
      };
      OBJ_76 = {
         isa = "PBXFileReference";
         path = "Options.swift";
         sourceTree = "<group>";
      };
      OBJ_77 = {
         isa = "PBXFileReference";
         path = "Parser.swift";
         sourceTree = "<group>";
      };
      OBJ_78 = {
         isa = "PBXGroup";
         children = (
            OBJ_79,
         );
         name = "CryptoSwift 0.6.9";
         path = "";
         sourceTree = "SOURCE_ROOT";
      };
      OBJ_79 = {
         isa = "PBXGroup";
         children = (
            OBJ_80,
            OBJ_81,
            OBJ_82,
            OBJ_83,
            OBJ_84,
            OBJ_85,
            OBJ_86,
            OBJ_87,
            OBJ_88,
            OBJ_89,
            OBJ_90,
            OBJ_91,
            OBJ_92,
            OBJ_93,
            OBJ_94,
            OBJ_95,
            OBJ_96,
            OBJ_97,
            OBJ_98,
            OBJ_99,
            OBJ_100,
            OBJ_101,
            OBJ_102,
            OBJ_103,
            OBJ_104,
            OBJ_105,
            OBJ_106,
            OBJ_107,
            OBJ_108,
            OBJ_109,
            OBJ_110,
            OBJ_111,
            OBJ_112,
            OBJ_113,
            OBJ_114,
            OBJ_115,
            OBJ_116,
            OBJ_117,
            OBJ_118,
            OBJ_119,
            OBJ_120,
            OBJ_131,
            OBJ_141,
         );
         name = "CryptoSwift";
         path = ".build/checkouts/CryptoSwift.git--6440749087414195235/Sources/CryptoSwift";
         sourceTree = "SOURCE_ROOT";
      };
      OBJ_8 = {
         isa = "PBXGroup";
         children = (
            OBJ_9,
         );
         name = "xcodeprojlint";
         path = "Sources/xcodeprojlint";
         sourceTree = "SOURCE_ROOT";
      };
      OBJ_80 = {
         isa = "PBXFileReference";
         path = "AES.swift";
         sourceTree = "<group>";
      };
      OBJ_81 = {
         isa = "PBXFileReference";
         path = "Array+Extension.swift";
         sourceTree = "<group>";
      };
      OBJ_82 = {
         isa = "PBXFileReference";
         path = "Authenticator.swift";
         sourceTree = "<group>";
      };
      OBJ_83 = {
         isa = "PBXFileReference";
         path = "BatchedCollection.swift";
         sourceTree = "<group>";
      };
      OBJ_84 = {
         isa = "PBXFileReference";
         path = "Bit.swift";
         sourceTree = "<group>";
      };
      OBJ_85 = {
         isa = "PBXFileReference";
         path = "BlockCipher.swift";
         sourceTree = "<group>";
      };
      OBJ_86 = {
         isa = "PBXFileReference";
         path = "Blowfish.swift";
         sourceTree = "<group>";
      };
      OBJ_87 = {
         isa = "PBXFileReference";
         path = "ChaCha20.swift";
         sourceTree = "<group>";
      };
      OBJ_88 = {
         isa = "PBXFileReference";
         path = "Checksum.swift";
         sourceTree = "<group>";
      };
      OBJ_89 = {
         isa = "PBXFileReference";
         path = "Cipher.swift";
         sourceTree = "<group>";
      };
      OBJ_9 = {
         isa = "PBXFileReference";
         path = "main.swift";
         sourceTree = "<group>";
      };
      OBJ_90 = {
         isa = "PBXFileReference";
         path = "Collection+Extension.swift";
         sourceTree = "<group>";
      };
      OBJ_91 = {
         isa = "PBXFileReference";
         path = "Cryptors.swift";
         sourceTree = "<group>";
      };
      OBJ_92 = {
         isa = "PBXFileReference";
         path = "CSArrayType+Extensions.swift";
         sourceTree = "<group>";
      };
      OBJ_93 = {
         isa = "PBXFileReference";
         path = "Digest.swift";
         sourceTree = "<group>";
      };
      OBJ_94 = {
         isa = "PBXFileReference";
         path = "DigestType.swift";
         sourceTree = "<group>";
      };
      OBJ_95 = {
         isa = "PBXFileReference";
         path = "Generics.swift";
         sourceTree = "<group>";
      };
      OBJ_96 = {
         isa = "PBXFileReference";
         path = "HMAC.swift";
         sourceTree = "<group>";
      };
      OBJ_97 = {
         isa = "PBXFileReference";
         path = "Int+Extension.swift";
         sourceTree = "<group>";
      };
      OBJ_98 = {
         isa = "PBXFileReference";
         path = "IntegerConvertible.swift";
         sourceTree = "<group>";
      };
      OBJ_99 = {
         isa = "PBXFileReference";
         path = "MD5.swift";
         sourceTree = "<group>";
      };
   };
   rootObject = OBJ_1;
}
